
Microsoft Visual Studio Solution File, Format Version 12.00
# Visual Studio Version 16
VisualStudioVersion = 16.0.30225.117
MinimumVisualStudioVersion = 10.0.40219.1
Project("{FAE04EC0-301F-11D3-BF4B-00C04F79EFBC}") = "program1", "program1\program1.csproj", "{62B2CC47-D3E0-467F-861A-A88365D04BC3}"
EndProject
Project("{FAE04EC0-301F-11D3-BF4B-00C04F79EFBC}") = "program 2", "program 2\program 2.csproj", "{608EAC39-CD87-4371-B9F1-932661A11FFE}"
EndProject
Project("{FAE04EC0-301F-11D3-BF4B-00C04F79EFBC}") = "program3", "program3\program3.csproj", "{BB17193A-F987-49BD-8DAB-79462C2148BF}"
EndProject
Project("{FAE04EC0-301F-11D3-BF4B-00C04F79EFBC}") = "program4", "program4\program4.csproj", "{E24E7D8A-63A3-4165-A468-FB5B8CB93E22}"
EndProject
Project("{FAE04EC0-301F-11D3-BF4B-00C04F79EFBC}") = "program5", "program5\program5.csproj", "{6563C76C-2B6A-41DA-AB33-511CD1BE58FB}"
EndProject
Global
	GlobalSection(SolutionConfigurationPlatforms) = preSolution
		Debug|Any CPU = Debug|Any CPU
		Release|Any CPU = Release|Any CPU
	EndGlobalSection
	GlobalSection(ProjectConfigurationPlatforms) = postSolution
		{62B2CC47-D3E0-467F-861A-A88365D04BC3}.Debug|Any CPU.ActiveCfg = Debug|Any CPU
		{62B2CC47-D3E0-467F-861A-A88365D04BC3}.Debug|Any CPU.Build.0 = Debug|Any CPU
		{62B2CC47-D3E0-467F-861A-A88365D04BC3}.Release|Any CPU.ActiveCfg = Release|Any CPU
		{62B2CC47-D3E0-467F-861A-A88365D04BC3}.Release|Any CPU.Build.0 = Release|Any CPU
		{608EAC39-CD87-4371-B9F1-932661A11FFE}.Debug|Any CPU.ActiveCfg = Debug|Any CPU
		{608EAC39-CD87-4371-B9F1-932661A11FFE}.Debug|Any CPU.Build.0 = Debug|Any CPU
		{608EAC39-CD87-4371-B9F1-932661A11FFE}.Release|Any CPU.ActiveCfg = Release|Any CPU
		{608EAC39-CD87-4371-B9F1-932661A11FFE}.Release|Any CPU.Build.0 = Release|Any CPU
		{BB17193A-F987-49BD-8DAB-79462C2148BF}.Debug|Any CPU.ActiveCfg = Debug|Any CPU
		{BB17193A-F987-49BD-8DAB-79462C2148BF}.Debug|Any CPU.Build.0 = Debug|Any CPU
		{BB17193A-F987-49BD-8DAB-79462C2148BF}.Release|Any CPU.ActiveCfg = Release|Any CPU
		{BB17193A-F987-49BD-8DAB-79462C2148BF}.Release|Any CPU.Build.0 = Release|Any CPU
		{E24E7D8A-63A3-4165-A468-FB5B8CB93E22}.Debug|Any CPU.ActiveCfg = Debug|Any CPU
		{E24E7D8A-63A3-4165-A468-FB5B8CB93E22}.Debug|Any CPU.Build.0 = Debug|Any CPU
		{E24E7D8A-63A3-4165-A468-FB5B8CB93E22}.Release|Any CPU.ActiveCfg = Release|Any CPU
		{E24E7D8A-63A3-4165-A468-FB5B8CB93E22}.Release|Any CPU.Build.0 = Release|Any CPU
		{6563C76C-2B6A-41DA-AB33-511CD1BE58FB}.Debug|Any CPU.ActiveCfg = Debug|Any CPU
		{6563C76C-2B6A-41DA-AB33-511CD1BE58FB}.Debug|Any CPU.Build.0 = Debug|Any CPU
		{6563C76C-2B6A-41DA-AB33-511CD1BE58FB}.Release|Any CPU.ActiveCfg = Release|Any CPU
		{6563C76C-2B6A-41DA-AB33-511CD1BE58FB}.Release|Any CPU.Build.0 = Release|Any CPU
	EndGlobalSection
	GlobalSection(SolutionProperties) = preSolution
		HideSolutionNode = FALSE
	EndGlobalSection
	GlobalSection(ExtensibilityGlobals) = postSolution
		SolutionGuid = {F3273572-AD46-4A02-B1FB-C61A22FF6CA4}
	EndGlobalSection
EndGlobal
